# This file is automatically @generated by Poetry 1.5.1 and should not be changed by hand.

[[package]]
name = "advent-of-code-helpers"
version = "0.1.1"
description = "Advent of Code helper functions"
optional = false
python-versions = ">=3.5"
files = [
    {file = "advent-of-code-helpers-0.1.1.tar.gz", hash = "sha256:f96ddac72a02308d303ddb2ab7c35d46e2a5725ba75e78678fb67c84282fcdf1"},
    {file = "advent_of_code_helpers-0.1.1-py3-none-any.whl", hash = "sha256:e237b58088a23df4d82b185bdf44c501abe63b463c2bcb21b14d8e2c937a86b6"},
]

[package.extras]
dev = ["pytest"]
test = ["pytest"]

[[package]]
name = "answers"
version = "0.0.4"
description = "Library for automating command line processes and installers"
optional = false
python-versions = "*"
files = [
    {file = "answers-0.0.4.tar.gz", hash = "sha256:f961ecc99b17dcfa33b9c44a6460d2ae833898a0af74171a7f39eb8aa215e350"},
]

[metadata]
lock-version = "2.0"
python-versions = ">=3.10.0,<3.11"
content-hash = "58e954190b73873194d76dac592198ce4237fcb83adf4451aaf8d15cf78e0794"
